
Microsoft Visual Studio Solution File, Format Version 12.00
# Visual Studio Version 17
VisualStudioVersion = 17.1.32421.90
MinimumVisualStudioVersion = 10.0.40219.1
Project("{FAE04EC0-301F-11D3-BF4B-00C04F79EFBC}") = "donkomi_inventory", "donkomi_inventory\donkomi_inventory.csproj", "{5AF5E4F3-512A-4DE9-A594-4585E3CA54D8}"
EndProject
Global
	GlobalSection(SolutionConfigurationPlatforms) = preSolution
		Debug|Any CPU = Debug|Any CPU
		Release|Any CPU = Release|Any CPU
	EndGlobalSection
	GlobalSection(ProjectConfigurationPlatforms) = postSolution
		{5AF5E4F3-512A-4DE9-A594-4585E3CA54D8}.Debug|Any CPU.ActiveCfg = Debug|Any CPU
		{5AF5E4F3-512A-4DE9-A594-4585E3CA54D8}.Debug|Any CPU.Build.0 = Debug|Any CPU
		{5AF5E4F3-512A-4DE9-A594-4585E3CA54D8}.Release|Any CPU.ActiveCfg = Release|Any CPU
		{5AF5E4F3-512A-4DE9-A594-4585E3CA54D8}.Release|Any CPU.Build.0 = Release|Any CPU
	EndGlobalSection
	GlobalSection(SolutionProperties) = preSolution
		HideSolutionNode = FALSE
	EndGlobalSection
	GlobalSection(ExtensibilityGlobals) = postSolution
		SolutionGuid = {4B9E2688-B47A-4377-A8B3-C757AC427BBE}
	EndGlobalSection
EndGlobal
